
Microsoft Visual Studio Solution File, Format Version 12.00
# Visual Studio Version 17
VisualStudioVersion = 17.0.31919.166
MinimumVisualStudioVersion = 10.0.40219.1
Project("{FAE04EC0-301F-11D3-BF4B-00C04F79EFBC}") = "Assignment2_Lab2", "Assignment2_Lab2\Assignment2_Lab2.csproj", "{766A20D5-9968-453B-B4DB-ECB1081B7DC2}"
EndProject
Global
	GlobalSection(SolutionConfigurationPlatforms) = preSolution
		Debug|Any CPU = Debug|Any CPU
		Release|Any CPU = Release|Any CPU
	EndGlobalSection
	GlobalSection(ProjectConfigurationPlatforms) = postSolution
		{766A20D5-9968-453B-B4DB-ECB1081B7DC2}.Debug|Any CPU.ActiveCfg = Debug|Any CPU
		{766A20D5-9968-453B-B4DB-ECB1081B7DC2}.Debug|Any CPU.Build.0 = Debug|Any CPU
		{766A20D5-9968-453B-B4DB-ECB1081B7DC2}.Release|Any CPU.ActiveCfg = Release|Any CPU
		{766A20D5-9968-453B-B4DB-ECB1081B7DC2}.Release|Any CPU.Build.0 = Release|Any CPU
	EndGlobalSection
	GlobalSection(SolutionProperties) = preSolution
		HideSolutionNode = FALSE
	EndGlobalSection
	GlobalSection(ExtensibilityGlobals) = postSolution
		SolutionGuid = {4724FF97-1594-48E9-A818-8282EF36AEFD}
	EndGlobalSection
EndGlobal
